
Microsoft Visual Studio Solution File, Format Version 12.00
# Visual Studio Version 17
VisualStudioVersion = 17.5.002.0
MinimumVisualStudioVersion = 10.0.40219.1
Project("{9A19103F-16F7-4668-BE54-9A1E7A4F7556}") = "BE-TaskManager", "BE-TaskManager.csproj", "{7470DCB3-B8BB-4CCC-A227-24294A195C05}"
EndProject
Global
	GlobalSection(SolutionConfigurationPlatforms) = preSolution
		Debug|Any CPU = Debug|Any CPU
		Release|Any CPU = Release|Any CPU
	EndGlobalSection
	GlobalSection(ProjectConfigurationPlatforms) = postSolution
		{7470DCB3-B8BB-4CCC-A227-24294A195C05}.Debug|Any CPU.ActiveCfg = Debug|Any CPU
		{7470DCB3-B8BB-4CCC-A227-24294A195C05}.Debug|Any CPU.Build.0 = Debug|Any CPU
		{7470DCB3-B8BB-4CCC-A227-24294A195C05}.Release|Any CPU.ActiveCfg = Release|Any CPU
		{7470DCB3-B8BB-4CCC-A227-24294A195C05}.Release|Any CPU.Build.0 = Release|Any CPU
	EndGlobalSection
	GlobalSection(SolutionProperties) = preSolution
		HideSolutionNode = FALSE
	EndGlobalSection
	GlobalSection(ExtensibilityGlobals) = postSolution
		SolutionGuid = {78518D09-9387-4FA0-9D76-0AEF14C3C63D}
	EndGlobalSection
EndGlobal
